
Microsoft Visual Studio Solution File, Format Version 12.00
# Visual Studio Version 16
VisualStudioVersion = 16.0.30503.244
MinimumVisualStudioVersion = 10.0.40219.1
Project("{FAE04EC0-301F-11D3-BF4B-00C04F79EFBC}") = "Backgroundtasks_IHostedServiceandBackgroundService", "Backgroundtasks_IHostedServiceandBackgroundService\Backgroundtasks_IHostedServiceandBackgroundService.csproj", "{28C6CF04-3EC5-4676-A650-B1DEA8DB46F8}"
EndProject
Global
	GlobalSection(SolutionConfigurationPlatforms) = preSolution
		Debug|Any CPU = Debug|Any CPU
		Release|Any CPU = Release|Any CPU
	EndGlobalSection
	GlobalSection(ProjectConfigurationPlatforms) = postSolution
		{28C6CF04-3EC5-4676-A650-B1DEA8DB46F8}.Debug|Any CPU.ActiveCfg = Debug|Any CPU
		{28C6CF04-3EC5-4676-A650-B1DEA8DB46F8}.Debug|Any CPU.Build.0 = Debug|Any CPU
		{28C6CF04-3EC5-4676-A650-B1DEA8DB46F8}.Release|Any CPU.ActiveCfg = Release|Any CPU
		{28C6CF04-3EC5-4676-A650-B1DEA8DB46F8}.Release|Any CPU.Build.0 = Release|Any CPU
	EndGlobalSection
	GlobalSection(SolutionProperties) = preSolution
		HideSolutionNode = FALSE
	EndGlobalSection
	GlobalSection(ExtensibilityGlobals) = postSolution
		SolutionGuid = {DFDF7645-1F5D-4A8B-B79C-E22A203DC6BC}
	EndGlobalSection
EndGlobal
